{
    "_readme": [
        "This file locks the dependencies of your project to a known state",
        "Read more about it at https://getcomposer.org/doc/01-basic-usage.md#installing-dependencies",
        "This file is @generated automatically"
    ],
    "content-hash": "c2025418d725f9f046b464e934e27da6",
    "packages": [
        {
            "name": "easypost/easypost-php",
            "version": "5.2.1",
            "source": {
                "type": "git",
                "url": "https://github.com/EasyPost/easypost-php.git",
                "reference": "a75e3f097fab664684b15ea84aa3b3870cb5e3d9"
            },
            "dist": {
                "type": "zip",
                "url": "https://api.github.com/repos/EasyPost/easypost-php/zipball/a75e3f097fab664684b15ea84aa3b3870cb5e3d9",
                "reference": "a75e3f097fab664684b15ea84aa3b3870cb5e3d9",
                "shasum": ""
            },
            "require": {
                "ext-curl": "*",
                "ext-json": "*",
                "php": ">=7.3"
            },
            "require-dev": {
                "allejo/php-vcr-sanitizer": "^1.0.9",
                "php-vcr/php-vcr": "^1.5",
                "phpunit/phpunit": "^9",
                "squizlabs/php_codesniffer": "^3.6"
            },
            "type": "library",
            "autoload": {
                "psr-4": {
                    "EasyPost\\": "lib/EasyPost/"
                }
            },
            "notification-url": "https://packagist.org/downloads/",
            "license": [
                "MIT"
            ],
            "authors": [
                {
                    "name": "EasyPost Developers",
                    "email": "oss@easypost.com",
                    "homepage": "https://www.easypost.com"
                }
            ],
            "description": "EasyPost Shipping API Client Library for PHP",
            "homepage": "https://github.com/EasyPost/easypost-php",
            "keywords": [
                "api",
                "easypost",
                "shipping"
            ],
            "support": {
                "issues": "https://github.com/EasyPost/easypost-php/issues",
                "source": "https://github.com/EasyPost/easypost-php/tree/v5.2.1"
            },
            "time": "2022-05-31T19:54:48+00:00"
        }
    ],
    "packages-dev": [],
    "aliases": [],
    "minimum-stability": "stable",
    "stability-flags": [],
    "prefer-stable": false,
    "prefer-lowest": false,
    "platform": [],
    "platform-dev": [],
    "plugin-api-version": "2.0.0"
}
